// !$*UTF8*$!
{
	archiveVersion = 1;
	classes = {
	};
	objectVersion = 46;
	objects = {

/* Begin PBXBuildFile section */
		7976ECB51B838F93005FC141 /* main.m in Sources */ = {isa = PBXBuildFile; fileRef = 7976ECB41B838F93005FC141 /* main.m */; };
		7976ECB81B838F93005FC141 /* AppDelegate.m in Sources */ = {isa = PBXBuildFile; fileRef = 7976ECB71B838F93005FC141 /* AppDelegate.m */; };
		7976ECBB1B838F93005FC141 /* ViewController.m in Sources */ = {isa = PBXBuildFile; fileRef = 7976ECBA1B838F93005FC141 /* ViewController.m */; };
		7976ECBE1B838F93005FC141 /* Main.storyboard in Resources */ = {isa = PBXBuildFile; fileRef = 7976ECBC1B838F93005FC141 /* Main.storyboard */; };
		7976ECC01B838F93005FC141 /* Images.xcassets in Resources */ = {isa = PBXBuildFile; fileRef = 7976ECBF1B838F93005FC141 /* Images.xcassets */; };
		7976ECC31B838F93005FC141 /* LaunchScreen.xib in Resources */ = {isa = PBXBuildFile; fileRef = 7976ECC11B838F93005FC141 /* LaunchScreen.xib */; };
		7976ECCF1B838F93005FC141 /* MentalHealthDoctorTests.m in Sources */ = {isa = PBXBuildFile; fileRef = 7976ECCE1B838F93005FC141 /* MentalHealthDoctorTests.m */; };
/* End PBXBuildFile section */

/* Begin PBXContainerItemProxy section */
		7976ECC91B838F93005FC141 /* PBXContainerItemProxy */ = {
			isa = PBXContainerItemProxy;
			containerPortal = 7976ECA71B838F93005FC141 /* Project object */;
			proxyType = 1;
			remoteGlobalIDString = 7976ECAE1B838F93005FC141;
			remoteInfo = MentalHealthDoctor;
		};
/* End PBXContainerItemProxy section */

/* Begin PBXFileReference section */
		7976ECAF1B838F93005FC141 /* MentalHealthDoctor.app */ = {isa = PBXFileReference; explicitFileType = wrapper.application; includeInIndex = 0; path = MentalHealthDoctor.app; sourceTree = BUILT_PRODUCTS_DIR; };
		7976ECB31B838F93005FC141 /* Info.plist */ = {isa = PBXFileReference; lastKnownFileType = text.plist.xml; path = Info.plist; sourceTree = "<group>"; };
		7976ECB41B838F93005FC141 /* main.m */ = {isa = PBXFileReference; lastKnownFileType = sourcecode.c.objc; path = main.m; sourceTree = "<group>"; };
		7976ECB61B838F93005FC141 /* AppDelegate.h */ = {isa = PBXFileReference; lastKnownFileType = sourcecode.c.h; path = AppDelegate.h; sourceTree = "<group>"; };
		7976ECB71B838F93005FC141 /* AppDelegate.m */ = {isa = PBXFileReference; lastKnownFileType = sourcecode.c.objc; path = AppDelegate.m; sourceTree = "<group>"; };
		7976ECB91B838F93005FC141 /* ViewController.h */ = {isa = PBXFileReference; lastKnownFileType = sourcecode.c.h; path = ViewController.h; sourceTree = "<group>"; };
		7976ECBA1B838F93005FC141 /* ViewController.m */ = {isa = PBXFileReference; lastKnownFileType = sourcecode.c.objc; path = ViewController.m; sourceTree = "<group>"; };
		7976ECBD1B838F93005FC141 /* Base */ = {isa = PBXFileReference; lastKnownFileType = file.storyboard; name = Base; path = Base.lproj/Main.storyboard; sourceTree = "<group>"; };
		7976ECBF1B838F93005FC141 /* Images.xcassets */ = {isa = PBXFileReference; lastKnownFileType = folder.assetcatalog; path = Images.xcassets; sourceTree = "<group>"; };
		7976ECC21B838F93005FC141 /* Base */ = {isa = PBXFileReference; lastKnownFileType = file.xib; name = Base; path = Base.lproj/LaunchScreen.xib; sourceTree = "<group>"; };
		7976ECC81B838F93005FC141 /* MentalHealthDoctorTests.xctest */ = {isa = PBXFileReference; explicitFileType = wrapper.cfbundle; includeInIndex = 0; path = MentalHealthDoctorTests.xctest; sourceTree = BUILT_PRODUCTS_DIR; };
		7976ECCD1B838F93005FC141 /* Info.plist */ = {isa = PBXFileReference; lastKnownFileType = text.plist.xml; path = Info.plist; sourceTree = "<group>"; };
		7976ECCE1B838F93005FC141 /* MentalHealthDoctorTests.m */ = {isa = PBXFileReference; lastKnownFileType = sourcecode.c.objc; path = MentalHealthDoctorTests.m; sourceTree = "<group>"; };
/* End PBXFileReference section */

/* Begin PBXFrameworksBuildPhase section */
		7976ECAC1B838F93005FC141 /* Frameworks */ = {
			isa = PBXFrameworksBuildPhase;
			buildActionMask = 2147483647;
			files = (
			);
			runOnlyForDeploymentPostprocessing = 0;
		};
		7976ECC51B838F93005FC141 /* Frameworks */ = {
			isa = PBXFrameworksBuildPhase;
			buildActionMask = 2147483647;
			files = (
			);
			runOnlyForDeploymentPostprocessing = 0;
		};
/* End PBXFrameworksBuildPhase section */

/* Begin PBXGroup section */
		7976ECA61B838F93005FC141 = {
			isa = PBXGroup;
			children = (
				7976ECB11B838F93005FC141 /* MentalHealthDoctor */,
				7976ECCB1B838F93005FC141 /* MentalHealthDoctorTests */,
				7976ECB01B838F93005FC141 /* Products */,
			);
			sourceTree = "<group>";
		};
		7976ECB01B838F93005FC141 /* Products */ = {
			isa = PBXGroup;
			children = (
				7976ECAF1B838F93005FC141 /* MentalHealthDoctor.app */,
				7976ECC81B838F93005FC141 /* MentalHealthDoctorTests.xctest */,
			);
			name = Products;
			sourceTree = "<group>";
		};
		7976ECB11B838F93005FC141 /* MentalHealthDoctor */ = {
			isa = PBXGroup;
			children = (
				7976ECB61B838F93005FC141 /* AppDelegate.h */,
				7976ECB71B838F93005FC141 /* AppDelegate.m */,
				7976ECB91B838F93005FC141 /* ViewController.h */,
				7976ECBA1B838F93005FC141 /* ViewController.m */,
				7976ECBC1B838F93005FC141 /* Main.storyboard */,
				7976ECBF1B838F93005FC141 /* Images.xcassets */,
				7976ECC11B838F93005FC141 /* LaunchScreen.xib */,
				7976ECB21B838F93005FC141 /* Supporting Files */,
			);
			path = MentalHealthDoctor;
			sourceTree = "<group>";
		};
		7976ECB21B838F93005FC141 /* Supporting Files */ = {
			isa = PBXGroup;
			children = (
				7976ECB31B838F93005FC141 /* Info.plist */,
				7976ECB41B838F93005FC141 /* main.m */,
			);
			name = "Supporting Files";
			sourceTree = "<group>";
		};
		7976ECCB1B838F93005FC141 /* MentalHealthDoctorTests */ = {
			isa = PBXGroup;
			children = (
				7976ECCE1B838F93005FC141 /* MentalHealthDoctorTests.m */,
				7976ECCC1B838F93005FC141 /* Supporting Files */,
			);
			path = MentalHealthDoctorTests;
			sourceTree = "<group>";
		};
		7976ECCC1B838F93005FC141 /* Supporting Files */ = {
			isa = PBXGroup;
			children = (
				7976ECCD1B838F93005FC141 /* Info.plist */,
			);
			name = "Supporting Files";
			sourceTree = "<group>";
		};
/* End PBXGroup section */

/* Begin PBXNativeTarget section */
		7976ECAE1B838F93005FC141 /* MentalHealthDoctor */ = {
			isa = PBXNativeTarget;
			buildConfigurationList = 7976ECD21B838F93005FC141 /* Build configuration list for PBXNativeTarget "MentalHealthDoctor" */;
			buildPhases = (
				7976ECAB1B838F93005FC141 /* Sources */,
				7976ECAC1B838F93005FC141 /* Frameworks */,
				7976ECAD1B838F93005FC141 /* Resources */,
			);
			buildRules = (
			);
			dependencies = (
			);
			name = MentalHealthDoctor;
			productName = MentalHealthDoctor;
			productReference = 7976ECAF1B838F93005FC141 /* MentalHealthDoctor.app */;
			productType = "com.apple.product-type.application";
		};
		7976ECC71B838F93005FC141 /* MentalHealthDoctorTests */ = {
			isa = PBXNativeTarget;
			buildConfigurationList = 7976ECD51B838F93005FC141 /* Build configuration list for PBXNativeTarget "MentalHealthDoctorTests" */;
			buildPhases = (
				7976ECC41B838F93005FC141 /* Sources */,
				7976ECC51B838F93005FC141 /* Frameworks */,
				7976ECC61B838F93005FC141 /* Resources */,
			);
			buildRules = (
			);
			dependencies = (
				7976ECCA1B838F93005FC141 /* PBXTargetDependency */,
			);
			name = MentalHealthDoctorTests;
			productName = MentalHealthDoctorTests;
			productReference = 7976ECC81B838F93005FC141 /* MentalHealthDoctorTests.xctest */;
			productType = "com.apple.product-type.bundle.unit-test";
		};
/* End PBXNativeTarget section */

/* Begin PBXProject section */
		7976ECA71B838F93005FC141 /* Project object */ = {
			isa = PBXProject;
			attributes = {
				LastUpgradeCheck = 0610;
				ORGANIZATIONNAME = zbq;
				TargetAttributes = {
					7976ECAE1B838F93005FC141 = {
						CreatedOnToolsVersion = 6.1;
					};
					7976ECC71B838F93005FC141 = {
						CreatedOnToolsVersion = 6.1;
						TestTargetID = 7976ECAE1B838F93005FC141;
					};
				};
			};
			buildConfigurationList = 7976ECAA1B838F93005FC141 /* Build configuration list for PBXProject "MentalHealthDoctor" */;
			compatibilityVersion = "Xcode 3.2";
			developmentRegion = English;
			hasScannedForEncodings = 0;
			knownRegions = (
				en,
				Base,
			);
			mainGroup = 7976ECA61B838F93005FC141;
			productRefGroup = 7976ECB01B838F93005FC141 /* Products */;
			projectDirPath = "";
			projectRoot = "";
			targets = (
				7976ECAE1B838F93005FC141 /* MentalHealthDoctor */,
				7976ECC71B838F93005FC141 /* MentalHealthDoctorTests */,
			);
		};
/* End PBXProject section */

/* Begin PBXResourcesBuildPhase section */
		7976ECAD1B838F93005FC141 /* Resources */ = {
			isa = PBXResourcesBuildPhase;
			buildActionMask = 2147483647;
			files = (
				7976ECBE1B838F93005FC141 /* Main.storyboard in Resources */,
				7976ECC31B838F93005FC141 /* LaunchScreen.xib in Resources */,
				7976ECC01B838F93005FC141 /* Images.xcassets in Resources */,
			);
			runOnlyForDeploymentPostprocessing = 0;
		};
		7976ECC61B838F93005FC141 /* Resources */ = {
			isa = PBXResourcesBuildPhase;
			buildActionMask = 2147483647;
			files = (
			);
			runOnlyForDeploymentPostprocessing = 0;
		};
/* End PBXResourcesBuildPhase section */

/* Begin PBXSourcesBuildPhase section */
		7976ECAB1B838F93005FC141 /* Sources */ = {
			isa = PBXSourcesBuildPhase;
			buildActionMask = 2147483647;
			files = (
				7976ECBB1B838F93005FC141 /* ViewController.m in Sources */,
				7976ECB81B838F93005FC141 /* AppDelegate.m in Sources */,
				7976ECB51B838F93005FC141 /* main.m in Sources */,
			);
			runOnlyForDeploymentPostprocessing = 0;
		};
		7976ECC41B838F93005FC141 /* Sources */ = {
			isa = PBXSourcesBuildPhase;
			buildActionMask = 2147483647;
			files = (
				7976ECCF1B838F93005FC141 /* MentalHealthDoctorTests.m in Sources */,
			);
			runOnlyForDeploymentPostprocessing = 0;
		};
/* End PBXSourcesBuildPhase section */

/* Begin PBXTargetDependency section */
		7976ECCA1B838F93005FC141 /* PBXTargetDependency */ = {
			isa = PBXTargetDependency;
			target = 7976ECAE1B838F93005FC141 /* MentalHealthDoctor */;
			targetProxy = 7976ECC91B838F93005FC141 /* PBXContainerItemProxy */;
		};
/* End PBXTargetDependency section */

/* Begin PBXVariantGroup section */
		7976ECBC1B838F93005FC141 /* Main.storyboard */ = {
			isa = PBXVariantGroup;
			children = (
				7976ECBD1B838F93005FC141 /* Base */,
			);
			name = Main.storyboard;
			sourceTree = "<group>";
		};
		7976ECC11B838F93005FC141 /* LaunchScreen.xib */ = {
			isa = PBXVariantGroup;
			children = (
				7976ECC21B838F93005FC141 /* Base */,
			);
			name = LaunchScreen.xib;
			sourceTree = "<group>";
		};
/* End PBXVariantGroup section */

/* Begin XCBuildConfiguration section */
		7976ECD01B838F93005FC141 /* Debug */ = {
			isa = XCBuildConfiguration;
			buildSettings = {
				ALWAYS_SEARCH_USER_PATHS = NO;
				CLANG_CXX_LANGUAGE_STANDARD = "gnu++0x";
				CLANG_CXX_LIBRARY = "libc++";
				CLANG_ENABLE_MODULES = YES;
				CLANG_ENABLE_OBJC_ARC = YES;
				CLANG_WARN_BOOL_CONVERSION = YES;
				CLANG_WARN_CONSTANT_CONVERSION = YES;
				CLANG_WARN_DIRECT_OBJC_ISA_USAGE = YES_ERROR;
				CLANG_WARN_EMPTY_BODY = YES;
				CLANG_WARN_ENUM_CONVERSION = YES;
				CLANG_WARN_INT_CONVERSION = YES;
				CLANG_WARN_OBJC_ROOT_CLASS = YES_ERROR;
				CLANG_WARN_UNREACHABLE_CODE = YES;
				CLANG_WARN__DUPLICATE_METHOD_MATCH = YES;
				"CODE_SIGN_IDENTITY[sdk=iphoneos*]" = "iPhone Developer";
				COPY_PHASE_STRIP = NO;
				ENABLE_STRICT_OBJC_MSGSEND = YES;
				GCC_C_LANGUAGE_STANDARD = gnu99;
				GCC_DYNAMIC_NO_PIC = NO;
				GCC_OPTIMIZATION_LEVEL = 0;
				GCC_PREPROCESSOR_DEFINITIONS = (
					"DEBUG=1",
					"$(inherited)",
				);
				GCC_SYMBOLS_PRIVATE_EXTERN = NO;
				GCC_WARN_64_TO_32_BIT_CONVERSION = YES;
				GCC_WARN_ABOUT_RETURN_TYPE = YES_ERROR;
				GCC_WARN_UNDECLARED_SELECTOR = YES;
				GCC_WARN_UNINITIALIZED_AUTOS = YES_AGGRESSIVE;
				GCC_WARN_UNUSED_FUNCTION = YES;
				GCC_WARN_UNUSED_VARIABLE = YES;
				IPHONEOS_DEPLOYMENT_TARGET = 8.1;
				MTL_ENABLE_DEBUG_INFO = YES;
				ONLY_ACTIVE_ARCH = YES;
				SDKROOT = iphoneos;
			};
			name = Debug;
		};
		7976ECD11B838F93005FC141 /* Release */ = {
			isa = XCBuildConfiguration;
			buildSettings = {
				ALWAYS_SEARCH_USER_PATHS = NO;
				CLANG_CXX_LANGUAGE_STANDARD = "gnu++0x";
				CLANG_CXX_LIBRARY = "libc++";
				CLANG_ENABLE_MODULES = YES;
				CLANG_ENABLE_OBJC_ARC = YES;
				CLANG_WARN_BOOL_CONVERSION = YES;
				CLANG_WARN_CONSTANT_CONVERSION = YES;
				CLANG_WARN_DIRECT_OBJC_ISA_USAGE = YES_ERROR;
				CLANG_WARN_EMPTY_BODY = YES;
				CLANG_WARN_ENUM_CONVERSION = YES;
				CLANG_WARN_INT_CONVERSION = YES;
				CLANG_WARN_OBJC_ROOT_CLASS = YES_ERROR;
				CLANG_WARN_UNREACHABLE_CODE = YES;
				CLANG_WARN__DUPLICATE_METHOD_MATCH = YES;
				"CODE_SIGN_IDENTITY[sdk=iphoneos*]" = "iPhone Developer";
				COPY_PHASE_STRIP = YES;
				ENABLE_NS_ASSERTIONS = NO;
				ENABLE_STRICT_OBJC_MSGSEND = YES;
				GCC_C_LANGUAGE_STANDARD = gnu99;
				GCC_WARN_64_TO_32_BIT_CONVERSION = YES;
				GCC_WARN_ABOUT_RETURN_TYPE = YES_ERROR;
				GCC_WARN_UNDECLARED_SELECTOR = YES;
				GCC_WARN_UNINITIALIZED_AUTOS = YES_AGGRESSIVE;
				GCC_WARN_UNUSED_FUNCTION = YES;
				GCC_WARN_UNUSED_VARIABLE = YES;
				IPHONEOS_DEPLOYMENT_TARGET = 8.1;
				MTL_ENABLE_DEBUG_INFO = NO;
				SDKROOT = iphoneos;
				VALIDATE_PRODUCT = YES;
			};
			name = Release;
		};
		7976ECD31B838F93005FC141 /* Debug */ = {
			isa = XCBuildConfiguration;
			buildSettings = {
				ASSETCATALOG_COMPILER_APPICON_NAME = AppIcon;
				INFOPLIST_FILE = MentalHealthDoctor/Info.plist;
				LD_RUNPATH_SEARCH_PATHS = "$(inherited) @executable_path/Frameworks";
				PRODUCT_NAME = "$(TARGET_NAME)";
			};
			name = Debug;
		};
		7976ECD41B838F93005FC141 /* Release */ = {
			isa = XCBuildConfiguration;
			buildSettings = {
				ASSETCATALOG_COMPILER_APPICON_NAME = AppIcon;
				INFOPLIST_FILE = MentalHealthDoctor/Info.plist;
				LD_RUNPATH_SEARCH_PATHS = "$(inherited) @executable_path/Frameworks";
				PRODUCT_NAME = "$(TARGET_NAME)";
			};
			name = Release;
		};
		7976ECD61B838F93005FC141 /* Debug */ = {
			isa = XCBuildConfiguration;
			buildSettings = {
				BUNDLE_LOADER = "$(TEST_HOST)";
				FRAMEWORK_SEARCH_PATHS = (
					"$(SDKROOT)/Developer/Library/Frameworks",
					"$(inherited)",
				);
				GCC_PREPROCESSOR_DEFINITIONS = (
					"DEBUG=1",
					"$(inherited)",
				);
				INFOPLIST_FILE = MentalHealthDoctorTests/Info.plist;
				LD_RUNPATH_SEARCH_PATHS = "$(inherited) @executable_path/Frameworks @loader_path/Frameworks";
				PRODUCT_NAME = "$(TARGET_NAME)";
				TEST_HOST = "$(BUILT_PRODUCTS_DIR)/MentalHealthDoctor.app/MentalHealthDoctor";
			};
			name = Debug;
		};
		7976ECD71B838F93005FC141 /* Release */ = {
			isa = XCBuildConfiguration;
			buildSettings = {
				BUNDLE_LOADER = "$(TEST_HOST)";
				FRAMEWORK_SEARCH_PATHS = (
					"$(SDKROOT)/Developer/Library/Frameworks",
					"$(inherited)",
				);
				INFOPLIST_FILE = MentalHealthDoctorTests/Info.plist;
				LD_RUNPATH_SEARCH_PATHS = "$(inherited) @executable_path/Frameworks @loader_path/Frameworks";
				PRODUCT_NAME = "$(TARGET_NAME)";
				TEST_HOST = "$(BUILT_PRODUCTS_DIR)/MentalHealthDoctor.app/MentalHealthDoctor";
			};
			name = Release;
		};
/* End XCBuildConfiguration section */

/* Begin XCConfigurationList section */
		7976ECAA1B838F93005FC141 /* Build configuration list for PBXProject "MentalHealthDoctor" */ = {
			isa = XCConfigurationList;
			buildConfigurations = (
				7976ECD01B838F93005FC141 /* Debug */,
				7976ECD11B838F93005FC141 /* Release */,
			);
			defaultConfigurationIsVisible = 0;
			defaultConfigurationName = Release;
		};
		7976ECD21B838F93005FC141 /* Build configuration list for PBXNativeTarget "MentalHealthDoctor" */ = {
			isa = XCConfigurationList;
			buildConfigurations = (
				7976ECD31B838F93005FC141 /* Debug */,
				7976ECD41B838F93005FC141 /* Release */,
			);
			defaultConfigurationIsVisible = 0;
		};
		7976ECD51B838F93005FC141 /* Build configuration list for PBXNativeTarget "MentalHealthDoctorTests" */ = {
			isa = XCConfigurationList;
			buildConfigurations = (
				7976ECD61B838F93005FC141 /* Debug */,
				7976ECD71B838F93005FC141 /* Release */,
			);
			defaultConfigurationIsVisible = 0;
		};
/* End XCConfigurationList section */
	};
	rootObject = 7976ECA71B838F93005FC141 /* Project object */;
}
