// !$*UTF8*$!
{
	archiveVersion = 1;
	classes = {
	};
	objectVersion = 46;
	objects = {

/* Begin PBXBuildFile section */
		626759B11BC78A2400E8A52C /* activityPoster.png in Resources */ = {isa = PBXBuildFile; fileRef = 626759B01BC78A2400E8A52C /* activityPoster.png */; };
		628822221BC63C5900904B90 /* MHDBasicController.m in Sources */ = {isa = PBXBuildFile; fileRef = 628822211BC63C5900904B90 /* MHDBasicController.m */; };
		628822301BC6538100904B90 /* MHDTestController.m in Sources */ = {isa = PBXBuildFile; fileRef = 6288222F1BC6538100904B90 /* MHDTestController.m */; };
		628822331BC6538D00904B90 /* MHDFindController.m in Sources */ = {isa = PBXBuildFile; fileRef = 628822321BC6538D00904B90 /* MHDFindController.m */; };
		628822361BC653AD00904B90 /* MHDFindDocController.m in Sources */ = {isa = PBXBuildFile; fileRef = 628822351BC653AD00904B90 /* MHDFindDocController.m */; };
		628822391BC653C500904B90 /* MHDMineController.m in Sources */ = {isa = PBXBuildFile; fileRef = 628822381BC653C500904B90 /* MHDMineController.m */; };
		628822401BC658E000904B90 /* sb_nav_back@2x.png in Resources */ = {isa = PBXBuildFile; fileRef = 6288223E1BC658E000904B90 /* sb_nav_back@2x.png */; };
		628822411BC658E000904B90 /* sb_nav_back_blue@2x.png in Resources */ = {isa = PBXBuildFile; fileRef = 6288223F1BC658E000904B90 /* sb_nav_back_blue@2x.png */; };
		6288224A1BC65F3200904B90 /* MHDActivityDetailController.m in Sources */ = {isa = PBXBuildFile; fileRef = 628822461BC65F3200904B90 /* MHDActivityDetailController.m */; };
		6288224B1BC65F3200904B90 /* MHDActivityController.m in Sources */ = {isa = PBXBuildFile; fileRef = 628822491BC65F3200904B90 /* MHDActivityController.m */; };
		6288227E1BC662AE00904B90 /* SBModule.framework in Frameworks */ = {isa = PBXBuildFile; fileRef = 6288227D1BC662AE00904B90 /* SBModule.framework */; };
		628822801BC662D400904B90 /* libsqlite3.dylib in Frameworks */ = {isa = PBXBuildFile; fileRef = 6288227F1BC662D400904B90 /* libsqlite3.dylib */; };
		628822831BC6643A00904B90 /* MHDActivityView.m in Sources */ = {isa = PBXBuildFile; fileRef = 628822821BC6643A00904B90 /* MHDActivityView.m */; };
		628822861BC664AD00904B90 /* MHDActivityTableCell.m in Sources */ = {isa = PBXBuildFile; fileRef = 628822851BC664AD00904B90 /* MHDActivityTableCell.m */; };
		7976ECB51B838F93005FC141 /* main.m in Sources */ = {isa = PBXBuildFile; fileRef = 7976ECB41B838F93005FC141 /* main.m */; };
		7976ECB81B838F93005FC141 /* AppDelegate.m in Sources */ = {isa = PBXBuildFile; fileRef = 7976ECB71B838F93005FC141 /* AppDelegate.m */; };
		7976ECBB1B838F93005FC141 /* MHDTransitionController.m in Sources */ = {isa = PBXBuildFile; fileRef = 7976ECBA1B838F93005FC141 /* MHDTransitionController.m */; };
		7976ECC01B838F93005FC141 /* Images.xcassets in Resources */ = {isa = PBXBuildFile; fileRef = 7976ECBF1B838F93005FC141 /* Images.xcassets */; };
		7976ECCF1B838F93005FC141 /* MentalHealthDoctorTests.m in Sources */ = {isa = PBXBuildFile; fileRef = 7976ECCE1B838F93005FC141 /* MentalHealthDoctorTests.m */; };
		79AF9EC31BB3136800D6AC08 /* CoreData.framework in Frameworks */ = {isa = PBXBuildFile; fileRef = 79AF9EC21BB3136800D6AC08 /* CoreData.framework */; };
		79AF9EC51BB3138100D6AC08 /* SystemConfiguration.framework in Frameworks */ = {isa = PBXBuildFile; fileRef = 79AF9EC41BB3138100D6AC08 /* SystemConfiguration.framework */; };
		79AF9EC71BB3138800D6AC08 /* CFNetwork.framework in Frameworks */ = {isa = PBXBuildFile; fileRef = 79AF9EC61BB3138800D6AC08 /* CFNetwork.framework */; };
		79AF9EC91BB3138E00D6AC08 /* CoreGraphics.framework in Frameworks */ = {isa = PBXBuildFile; fileRef = 79AF9EC81BB3138E00D6AC08 /* CoreGraphics.framework */; };
		79AF9ECB1BB3139800D6AC08 /* UIKit.framework in Frameworks */ = {isa = PBXBuildFile; fileRef = 79AF9ECA1BB3139800D6AC08 /* UIKit.framework */; };
		79AF9ECD1BB313A300D6AC08 /* Foundation.framework in Frameworks */ = {isa = PBXBuildFile; fileRef = 79AF9ECC1BB313A300D6AC08 /* Foundation.framework */; };
		79AF9ECF1BB313AA00D6AC08 /* CoreLocation.framework in Frameworks */ = {isa = PBXBuildFile; fileRef = 79AF9ECE1BB313AA00D6AC08 /* CoreLocation.framework */; };
		79AF9ED11BB313B200D6AC08 /* Security.framework in Frameworks */ = {isa = PBXBuildFile; fileRef = 79AF9ED01BB313B200D6AC08 /* Security.framework */; };
		79AF9ED31BB313BD00D6AC08 /* libxml2.2.dylib in Frameworks */ = {isa = PBXBuildFile; fileRef = 79AF9ED21BB313BD00D6AC08 /* libxml2.2.dylib */; };
		79AF9ED51BB313C300D6AC08 /* libxml2.dylib in Frameworks */ = {isa = PBXBuildFile; fileRef = 79AF9ED41BB313C300D6AC08 /* libxml2.dylib */; };
		79AF9ED71BB313D700D6AC08 /* libresolv.dylib in Frameworks */ = {isa = PBXBuildFile; fileRef = 79AF9ED61BB313D600D6AC08 /* libresolv.dylib */; };
		79D3E4E81B8A0E230077EFA3 /* Common.framework in Frameworks */ = {isa = PBXBuildFile; fileRef = 79D3E4E71B8A0E230077EFA3 /* Common.framework */; };
		814E95E2E0B5A52E0BE653EC /* libPods.a in Frameworks */ = {isa = PBXBuildFile; fileRef = 5AA30F1BCB03ADA8D4BCF2AC /* libPods.a */; };
		A92A71341BC12743000034E9 /* MHDTabbarView.m in Sources */ = {isa = PBXBuildFile; fileRef = A92A71331BC12743000034E9 /* MHDTabbarView.m */; };
/* End PBXBuildFile section */

/* Begin PBXContainerItemProxy section */
		7976ECC91B838F93005FC141 /* PBXContainerItemProxy */ = {
			isa = PBXContainerItemProxy;
			containerPortal = 7976ECA71B838F93005FC141 /* Project object */;
			proxyType = 1;
			remoteGlobalIDString = 7976ECAE1B838F93005FC141;
			remoteInfo = MentalHealthDoctor;
		};
/* End PBXContainerItemProxy section */

/* Begin PBXFileReference section */
		5AA30F1BCB03ADA8D4BCF2AC /* libPods.a */ = {isa = PBXFileReference; explicitFileType = archive.ar; includeInIndex = 0; path = libPods.a; sourceTree = BUILT_PRODUCTS_DIR; };
		626759B01BC78A2400E8A52C /* activityPoster.png */ = {isa = PBXFileReference; lastKnownFileType = image.png; path = activityPoster.png; sourceTree = "<group>"; };
		628822201BC63C5900904B90 /* MHDBasicController.h */ = {isa = PBXFileReference; fileEncoding = 4; lastKnownFileType = sourcecode.c.h; path = MHDBasicController.h; sourceTree = "<group>"; };
		628822211BC63C5900904B90 /* MHDBasicController.m */ = {isa = PBXFileReference; fileEncoding = 4; lastKnownFileType = sourcecode.c.objc; path = MHDBasicController.m; sourceTree = "<group>"; };
		6288222E1BC6538100904B90 /* MHDTestController.h */ = {isa = PBXFileReference; fileEncoding = 4; lastKnownFileType = sourcecode.c.h; path = MHDTestController.h; sourceTree = "<group>"; };
		6288222F1BC6538100904B90 /* MHDTestController.m */ = {isa = PBXFileReference; fileEncoding = 4; lastKnownFileType = sourcecode.c.objc; path = MHDTestController.m; sourceTree = "<group>"; };
		628822311BC6538D00904B90 /* MHDFindController.h */ = {isa = PBXFileReference; fileEncoding = 4; lastKnownFileType = sourcecode.c.h; path = MHDFindController.h; sourceTree = "<group>"; };
		628822321BC6538D00904B90 /* MHDFindController.m */ = {isa = PBXFileReference; fileEncoding = 4; lastKnownFileType = sourcecode.c.objc; path = MHDFindController.m; sourceTree = "<group>"; };
		628822341BC653AD00904B90 /* MHDFindDocController.h */ = {isa = PBXFileReference; fileEncoding = 4; lastKnownFileType = sourcecode.c.h; path = MHDFindDocController.h; sourceTree = "<group>"; };
		628822351BC653AD00904B90 /* MHDFindDocController.m */ = {isa = PBXFileReference; fileEncoding = 4; lastKnownFileType = sourcecode.c.objc; path = MHDFindDocController.m; sourceTree = "<group>"; };
		628822371BC653C500904B90 /* MHDMineController.h */ = {isa = PBXFileReference; fileEncoding = 4; lastKnownFileType = sourcecode.c.h; path = MHDMineController.h; sourceTree = "<group>"; };
		628822381BC653C500904B90 /* MHDMineController.m */ = {isa = PBXFileReference; fileEncoding = 4; lastKnownFileType = sourcecode.c.objc; path = MHDMineController.m; sourceTree = "<group>"; };
		6288223E1BC658E000904B90 /* sb_nav_back@2x.png */ = {isa = PBXFileReference; lastKnownFileType = image.png; path = "sb_nav_back@2x.png"; sourceTree = "<group>"; };
		6288223F1BC658E000904B90 /* sb_nav_back_blue@2x.png */ = {isa = PBXFileReference; lastKnownFileType = image.png; path = "sb_nav_back_blue@2x.png"; sourceTree = "<group>"; };
		628822451BC65F3200904B90 /* MHDActivityDetailController.h */ = {isa = PBXFileReference; fileEncoding = 4; lastKnownFileType = sourcecode.c.h; path = MHDActivityDetailController.h; sourceTree = "<group>"; };
		628822461BC65F3200904B90 /* MHDActivityDetailController.m */ = {isa = PBXFileReference; fileEncoding = 4; lastKnownFileType = sourcecode.c.objc; path = MHDActivityDetailController.m; sourceTree = "<group>"; };
		628822481BC65F3200904B90 /* MHDActivityController.h */ = {isa = PBXFileReference; fileEncoding = 4; lastKnownFileType = sourcecode.c.h; path = MHDActivityController.h; sourceTree = "<group>"; };
		628822491BC65F3200904B90 /* MHDActivityController.m */ = {isa = PBXFileReference; fileEncoding = 4; lastKnownFileType = sourcecode.c.objc; path = MHDActivityController.m; sourceTree = "<group>"; };
		6288224C1BC65FFB00904B90 /* MHDModule-Prefix.pch */ = {isa = PBXFileReference; fileEncoding = 4; lastKnownFileType = sourcecode.c.h; path = "MHDModule-Prefix.pch"; sourceTree = "<group>"; };
		6288227D1BC662AE00904B90 /* SBModule.framework */ = {isa = PBXFileReference; lastKnownFileType = wrapper.framework; path = SBModule.framework; sourceTree = "<group>"; };
		6288227F1BC662D400904B90 /* libsqlite3.dylib */ = {isa = PBXFileReference; lastKnownFileType = "compiled.mach-o.dylib"; name = libsqlite3.dylib; path = usr/lib/libsqlite3.dylib; sourceTree = SDKROOT; };
		628822811BC6643A00904B90 /* MHDActivityView.h */ = {isa = PBXFileReference; fileEncoding = 4; lastKnownFileType = sourcecode.c.h; path = MHDActivityView.h; sourceTree = "<group>"; };
		628822821BC6643A00904B90 /* MHDActivityView.m */ = {isa = PBXFileReference; fileEncoding = 4; lastKnownFileType = sourcecode.c.objc; path = MHDActivityView.m; sourceTree = "<group>"; };
		628822841BC664AD00904B90 /* MHDActivityTableCell.h */ = {isa = PBXFileReference; fileEncoding = 4; lastKnownFileType = sourcecode.c.h; path = MHDActivityTableCell.h; sourceTree = "<group>"; };
		628822851BC664AD00904B90 /* MHDActivityTableCell.m */ = {isa = PBXFileReference; fileEncoding = 4; lastKnownFileType = sourcecode.c.objc; path = MHDActivityTableCell.m; sourceTree = "<group>"; };
		7976ECAF1B838F93005FC141 /* MentalHealthDoctor.app */ = {isa = PBXFileReference; explicitFileType = wrapper.application; includeInIndex = 0; path = MentalHealthDoctor.app; sourceTree = BUILT_PRODUCTS_DIR; };
		7976ECB31B838F93005FC141 /* Info.plist */ = {isa = PBXFileReference; lastKnownFileType = text.plist.xml; path = Info.plist; sourceTree = "<group>"; };
		7976ECB41B838F93005FC141 /* main.m */ = {isa = PBXFileReference; lastKnownFileType = sourcecode.c.objc; path = main.m; sourceTree = "<group>"; };
		7976ECB61B838F93005FC141 /* AppDelegate.h */ = {isa = PBXFileReference; lastKnownFileType = sourcecode.c.h; path = AppDelegate.h; sourceTree = "<group>"; };
		7976ECB71B838F93005FC141 /* AppDelegate.m */ = {isa = PBXFileReference; lastKnownFileType = sourcecode.c.objc; path = AppDelegate.m; sourceTree = "<group>"; };
		7976ECB91B838F93005FC141 /* MHDTransitionController.h */ = {isa = PBXFileReference; lastKnownFileType = sourcecode.c.h; path = MHDTransitionController.h; sourceTree = "<group>"; };
		7976ECBA1B838F93005FC141 /* MHDTransitionController.m */ = {isa = PBXFileReference; lastKnownFileType = sourcecode.c.objc; path = MHDTransitionController.m; sourceTree = "<group>"; };
		7976ECBF1B838F93005FC141 /* Images.xcassets */ = {isa = PBXFileReference; lastKnownFileType = folder.assetcatalog; path = Images.xcassets; sourceTree = "<group>"; };
		7976ECC81B838F93005FC141 /* MentalHealthDoctorTests.xctest */ = {isa = PBXFileReference; explicitFileType = wrapper.cfbundle; includeInIndex = 0; path = MentalHealthDoctorTests.xctest; sourceTree = BUILT_PRODUCTS_DIR; };
		7976ECCD1B838F93005FC141 /* Info.plist */ = {isa = PBXFileReference; lastKnownFileType = text.plist.xml; path = Info.plist; sourceTree = "<group>"; };
		7976ECCE1B838F93005FC141 /* MentalHealthDoctorTests.m */ = {isa = PBXFileReference; lastKnownFileType = sourcecode.c.objc; path = MentalHealthDoctorTests.m; sourceTree = "<group>"; };
		79AF9EC21BB3136800D6AC08 /* CoreData.framework */ = {isa = PBXFileReference; lastKnownFileType = wrapper.framework; name = CoreData.framework; path = System/Library/Frameworks/CoreData.framework; sourceTree = SDKROOT; };
		79AF9EC41BB3138100D6AC08 /* SystemConfiguration.framework */ = {isa = PBXFileReference; lastKnownFileType = wrapper.framework; name = SystemConfiguration.framework; path = System/Library/Frameworks/SystemConfiguration.framework; sourceTree = SDKROOT; };
		79AF9EC61BB3138800D6AC08 /* CFNetwork.framework */ = {isa = PBXFileReference; lastKnownFileType = wrapper.framework; name = CFNetwork.framework; path = System/Library/Frameworks/CFNetwork.framework; sourceTree = SDKROOT; };
		79AF9EC81BB3138E00D6AC08 /* CoreGraphics.framework */ = {isa = PBXFileReference; lastKnownFileType = wrapper.framework; name = CoreGraphics.framework; path = System/Library/Frameworks/CoreGraphics.framework; sourceTree = SDKROOT; };
		79AF9ECA1BB3139800D6AC08 /* UIKit.framework */ = {isa = PBXFileReference; lastKnownFileType = wrapper.framework; name = UIKit.framework; path = System/Library/Frameworks/UIKit.framework; sourceTree = SDKROOT; };
		79AF9ECC1BB313A300D6AC08 /* Foundation.framework */ = {isa = PBXFileReference; lastKnownFileType = wrapper.framework; name = Foundation.framework; path = System/Library/Frameworks/Foundation.framework; sourceTree = SDKROOT; };
		79AF9ECE1BB313AA00D6AC08 /* CoreLocation.framework */ = {isa = PBXFileReference; lastKnownFileType = wrapper.framework; name = CoreLocation.framework; path = System/Library/Frameworks/CoreLocation.framework; sourceTree = SDKROOT; };
		79AF9ED01BB313B200D6AC08 /* Security.framework */ = {isa = PBXFileReference; lastKnownFileType = wrapper.framework; name = Security.framework; path = System/Library/Frameworks/Security.framework; sourceTree = SDKROOT; };
		79AF9ED21BB313BD00D6AC08 /* libxml2.2.dylib */ = {isa = PBXFileReference; lastKnownFileType = "compiled.mach-o.dylib"; name = libxml2.2.dylib; path = usr/lib/libxml2.2.dylib; sourceTree = SDKROOT; };
		79AF9ED41BB313C300D6AC08 /* libxml2.dylib */ = {isa = PBXFileReference; lastKnownFileType = "compiled.mach-o.dylib"; name = libxml2.dylib; path = usr/lib/libxml2.dylib; sourceTree = SDKROOT; };
		79AF9ED61BB313D600D6AC08 /* libresolv.dylib */ = {isa = PBXFileReference; lastKnownFileType = "compiled.mach-o.dylib"; name = libresolv.dylib; path = usr/lib/libresolv.dylib; sourceTree = SDKROOT; };
		79D3E4E71B8A0E230077EFA3 /* Common.framework */ = {isa = PBXFileReference; lastKnownFileType = wrapper.framework; name = Common.framework; path = Common/Common/buildProducts/Common.framework; sourceTree = "<group>"; };
		9CF58537E1DE650E4A0C1B05 /* Pods.release.xcconfig */ = {isa = PBXFileReference; includeInIndex = 1; lastKnownFileType = text.xcconfig; name = Pods.release.xcconfig; path = "Pods/Target Support Files/Pods/Pods.release.xcconfig"; sourceTree = "<group>"; };
		A92A71321BC12743000034E9 /* MHDTabbarView.h */ = {isa = PBXFileReference; fileEncoding = 4; lastKnownFileType = sourcecode.c.h; path = MHDTabbarView.h; sourceTree = "<group>"; };
		A92A71331BC12743000034E9 /* MHDTabbarView.m */ = {isa = PBXFileReference; fileEncoding = 4; lastKnownFileType = sourcecode.c.objc; path = MHDTabbarView.m; sourceTree = "<group>"; };
		F71423E4D83B1C296707E4A1 /* Pods.debug.xcconfig */ = {isa = PBXFileReference; includeInIndex = 1; lastKnownFileType = text.xcconfig; name = Pods.debug.xcconfig; path = "Pods/Target Support Files/Pods/Pods.debug.xcconfig"; sourceTree = "<group>"; };
/* End PBXFileReference section */

/* Begin PBXFrameworksBuildPhase section */
		7976ECAC1B838F93005FC141 /* Frameworks */ = {
			isa = PBXFrameworksBuildPhase;
			buildActionMask = 2147483647;
			files = (
				628822801BC662D400904B90 /* libsqlite3.dylib in Frameworks */,
				79AF9ED71BB313D700D6AC08 /* libresolv.dylib in Frameworks */,
				79AF9ED51BB313C300D6AC08 /* libxml2.dylib in Frameworks */,
				79AF9ED31BB313BD00D6AC08 /* libxml2.2.dylib in Frameworks */,
				79AF9ED11BB313B200D6AC08 /* Security.framework in Frameworks */,
				79AF9ECF1BB313AA00D6AC08 /* CoreLocation.framework in Frameworks */,
				79AF9ECD1BB313A300D6AC08 /* Foundation.framework in Frameworks */,
				79AF9ECB1BB3139800D6AC08 /* UIKit.framework in Frameworks */,
				79AF9EC91BB3138E00D6AC08 /* CoreGraphics.framework in Frameworks */,
				79AF9EC71BB3138800D6AC08 /* CFNetwork.framework in Frameworks */,
				79AF9EC51BB3138100D6AC08 /* SystemConfiguration.framework in Frameworks */,
				79AF9EC31BB3136800D6AC08 /* CoreData.framework in Frameworks */,
				814E95E2E0B5A52E0BE653EC /* libPods.a in Frameworks */,
				79D3E4E81B8A0E230077EFA3 /* Common.framework in Frameworks */,
				6288227E1BC662AE00904B90 /* SBModule.framework in Frameworks */,
			);
			runOnlyForDeploymentPostprocessing = 0;
		};
		7976ECC51B838F93005FC141 /* Frameworks */ = {
			isa = PBXFrameworksBuildPhase;
			buildActionMask = 2147483647;
			files = (
			);
			runOnlyForDeploymentPostprocessing = 0;
		};
/* End PBXFrameworksBuildPhase section */

/* Begin PBXGroup section */
		628822251BC6414B00904B90 /* MHDModule */ = {
			isa = PBXGroup;
			children = (
				628822281BC6417F00904B90 /* MHDActivity */,
				628822271BC6414B00904B90 /* MHDTest */,
				628822291BC6417F00904B90 /* MHDFind */,
				6288222A1BC6417F00904B90 /* MHDFindDoc */,
				628822261BC6414B00904B90 /* MHDMine */,
			);
			path = MHDModule;
			sourceTree = "<group>";
		};
		628822261BC6414B00904B90 /* MHDMine */ = {
			isa = PBXGroup;
			children = (
				628822371BC653C500904B90 /* MHDMineController.h */,
				628822381BC653C500904B90 /* MHDMineController.m */,
			);
			path = MHDMine;
			sourceTree = "<group>";
		};
		628822271BC6414B00904B90 /* MHDTest */ = {
			isa = PBXGroup;
			children = (
				6288222E1BC6538100904B90 /* MHDTestController.h */,
				6288222F1BC6538100904B90 /* MHDTestController.m */,
			);
			path = MHDTest;
			sourceTree = "<group>";
		};
		628822281BC6417F00904B90 /* MHDActivity */ = {
			isa = PBXGroup;
			children = (
				628822471BC65F3200904B90 /* MHDActivityList */,
				628822441BC65F3200904B90 /* MHDActivityDetail */,
			);
			path = MHDActivity;
			sourceTree = "<group>";
		};
		628822291BC6417F00904B90 /* MHDFind */ = {
			isa = PBXGroup;
			children = (
				628822311BC6538D00904B90 /* MHDFindController.h */,
				628822321BC6538D00904B90 /* MHDFindController.m */,
			);
			path = MHDFind;
			sourceTree = "<group>";
		};
		6288222A1BC6417F00904B90 /* MHDFindDoc */ = {
			isa = PBXGroup;
			children = (
				628822341BC653AD00904B90 /* MHDFindDocController.h */,
				628822351BC653AD00904B90 /* MHDFindDocController.m */,
			);
			path = MHDFindDoc;
			sourceTree = "<group>";
		};
		6288223D1BC658E000904B90 /* Resource */ = {
			isa = PBXGroup;
			children = (
				626759B01BC78A2400E8A52C /* activityPoster.png */,
				6288223E1BC658E000904B90 /* sb_nav_back@2x.png */,
				6288223F1BC658E000904B90 /* sb_nav_back_blue@2x.png */,
			);
			path = Resource;
			sourceTree = "<group>";
		};
		628822441BC65F3200904B90 /* MHDActivityDetail */ = {
			isa = PBXGroup;
			children = (
				628822451BC65F3200904B90 /* MHDActivityDetailController.h */,
				628822461BC65F3200904B90 /* MHDActivityDetailController.m */,
			);
			path = MHDActivityDetail;
			sourceTree = "<group>";
		};
		628822471BC65F3200904B90 /* MHDActivityList */ = {
			isa = PBXGroup;
			children = (
				628822481BC65F3200904B90 /* MHDActivityController.h */,
				628822491BC65F3200904B90 /* MHDActivityController.m */,
				628822811BC6643A00904B90 /* MHDActivityView.h */,
				628822821BC6643A00904B90 /* MHDActivityView.m */,
				628822841BC664AD00904B90 /* MHDActivityTableCell.h */,
				628822851BC664AD00904B90 /* MHDActivityTableCell.m */,
			);
			path = MHDActivityList;
			sourceTree = "<group>";
		};
		7976ECA61B838F93005FC141 = {
			isa = PBXGroup;
			children = (
				7976ECB11B838F93005FC141 /* MentalHealthDoctor */,
				7976ECCB1B838F93005FC141 /* MentalHealthDoctorTests */,
				7976ECB01B838F93005FC141 /* Products */,
				F90E30CEA46F67C03CCB9A50 /* Pods */,
				B562A5BA3499D5083E79FF75 /* Frameworks */,
			);
			sourceTree = "<group>";
		};
		7976ECB01B838F93005FC141 /* Products */ = {
			isa = PBXGroup;
			children = (
				7976ECAF1B838F93005FC141 /* MentalHealthDoctor.app */,
				7976ECC81B838F93005FC141 /* MentalHealthDoctorTests.xctest */,
			);
			name = Products;
			sourceTree = "<group>";
		};
		7976ECB11B838F93005FC141 /* MentalHealthDoctor */ = {
			isa = PBXGroup;
			children = (
				797DF2AB1B8CB71F00617C58 /* Base */,
				628822251BC6414B00904B90 /* MHDModule */,
				7976ECB61B838F93005FC141 /* AppDelegate.h */,
				7976ECB71B838F93005FC141 /* AppDelegate.m */,
				7976ECB91B838F93005FC141 /* MHDTransitionController.h */,
				7976ECBA1B838F93005FC141 /* MHDTransitionController.m */,
				6288223D1BC658E000904B90 /* Resource */,
				7976ECBF1B838F93005FC141 /* Images.xcassets */,
				7976ECB21B838F93005FC141 /* Supporting Files */,
			);
			path = MentalHealthDoctor;
			sourceTree = "<group>";
		};
		7976ECB21B838F93005FC141 /* Supporting Files */ = {
			isa = PBXGroup;
			children = (
				6288224C1BC65FFB00904B90 /* MHDModule-Prefix.pch */,
				7976ECB31B838F93005FC141 /* Info.plist */,
				7976ECB41B838F93005FC141 /* main.m */,
			);
			name = "Supporting Files";
			sourceTree = "<group>";
		};
		7976ECCB1B838F93005FC141 /* MentalHealthDoctorTests */ = {
			isa = PBXGroup;
			children = (
				7976ECCE1B838F93005FC141 /* MentalHealthDoctorTests.m */,
				7976ECCC1B838F93005FC141 /* Supporting Files */,
			);
			path = MentalHealthDoctorTests;
			sourceTree = "<group>";
		};
		7976ECCC1B838F93005FC141 /* Supporting Files */ = {
			isa = PBXGroup;
			children = (
				7976ECCD1B838F93005FC141 /* Info.plist */,
			);
			name = "Supporting Files";
			sourceTree = "<group>";
		};
		797DF2AB1B8CB71F00617C58 /* Base */ = {
			isa = PBXGroup;
			children = (
				797DF2AC1B8CB74600617C58 /* UI */,
			);
			path = Base;
			sourceTree = "<group>";
		};
		797DF2AC1B8CB74600617C58 /* UI */ = {
			isa = PBXGroup;
			children = (
				A92A71321BC12743000034E9 /* MHDTabbarView.h */,
				A92A71331BC12743000034E9 /* MHDTabbarView.m */,
				628822201BC63C5900904B90 /* MHDBasicController.h */,
				628822211BC63C5900904B90 /* MHDBasicController.m */,
			);
			path = UI;
			sourceTree = "<group>";
		};
		B562A5BA3499D5083E79FF75 /* Frameworks */ = {
			isa = PBXGroup;
			children = (
				6288227F1BC662D400904B90 /* libsqlite3.dylib */,
				6288227D1BC662AE00904B90 /* SBModule.framework */,
				79AF9ED61BB313D600D6AC08 /* libresolv.dylib */,
				79AF9ED41BB313C300D6AC08 /* libxml2.dylib */,
				79AF9ED21BB313BD00D6AC08 /* libxml2.2.dylib */,
				79AF9ED01BB313B200D6AC08 /* Security.framework */,
				79AF9ECE1BB313AA00D6AC08 /* CoreLocation.framework */,
				79AF9ECC1BB313A300D6AC08 /* Foundation.framework */,
				79AF9ECA1BB3139800D6AC08 /* UIKit.framework */,
				79AF9EC81BB3138E00D6AC08 /* CoreGraphics.framework */,
				79AF9EC61BB3138800D6AC08 /* CFNetwork.framework */,
				79AF9EC41BB3138100D6AC08 /* SystemConfiguration.framework */,
				79AF9EC21BB3136800D6AC08 /* CoreData.framework */,
				79D3E4E71B8A0E230077EFA3 /* Common.framework */,
				5AA30F1BCB03ADA8D4BCF2AC /* libPods.a */,
			);
			name = Frameworks;
			sourceTree = "<group>";
		};
		F90E30CEA46F67C03CCB9A50 /* Pods */ = {
			isa = PBXGroup;
			children = (
				F71423E4D83B1C296707E4A1 /* Pods.debug.xcconfig */,
				9CF58537E1DE650E4A0C1B05 /* Pods.release.xcconfig */,
			);
			name = Pods;
			sourceTree = "<group>";
		};
/* End PBXGroup section */

/* Begin PBXNativeTarget section */
		7976ECAE1B838F93005FC141 /* MentalHealthDoctor */ = {
			isa = PBXNativeTarget;
			buildConfigurationList = 7976ECD21B838F93005FC141 /* Build configuration list for PBXNativeTarget "MentalHealthDoctor" */;
			buildPhases = (
				C1AAA8147B9C348DA8F3AD7E /* Check Pods Manifest.lock */,
				7976ECAB1B838F93005FC141 /* Sources */,
				7976ECAC1B838F93005FC141 /* Frameworks */,
				7976ECAD1B838F93005FC141 /* Resources */,
				778777016CAA74399F488BA5 /* Copy Pods Resources */,
			);
			buildRules = (
			);
			dependencies = (
			);
			name = MentalHealthDoctor;
			productName = MentalHealthDoctor;
			productReference = 7976ECAF1B838F93005FC141 /* MentalHealthDoctor.app */;
			productType = "com.apple.product-type.application";
		};
		7976ECC71B838F93005FC141 /* MentalHealthDoctorTests */ = {
			isa = PBXNativeTarget;
			buildConfigurationList = 7976ECD51B838F93005FC141 /* Build configuration list for PBXNativeTarget "MentalHealthDoctorTests" */;
			buildPhases = (
				7976ECC41B838F93005FC141 /* Sources */,
				7976ECC51B838F93005FC141 /* Frameworks */,
				7976ECC61B838F93005FC141 /* Resources */,
			);
			buildRules = (
			);
			dependencies = (
				7976ECCA1B838F93005FC141 /* PBXTargetDependency */,
			);
			name = MentalHealthDoctorTests;
			productName = MentalHealthDoctorTests;
			productReference = 7976ECC81B838F93005FC141 /* MentalHealthDoctorTests.xctest */;
			productType = "com.apple.product-type.bundle.unit-test";
		};
/* End PBXNativeTarget section */

/* Begin PBXProject section */
		7976ECA71B838F93005FC141 /* Project object */ = {
			isa = PBXProject;
			attributes = {
				LastUpgradeCheck = 0610;
				ORGANIZATIONNAME = zbq;
				TargetAttributes = {
					7976ECAE1B838F93005FC141 = {
						CreatedOnToolsVersion = 6.1;
					};
					7976ECC71B838F93005FC141 = {
						CreatedOnToolsVersion = 6.1;
						TestTargetID = 7976ECAE1B838F93005FC141;
					};
				};
			};
			buildConfigurationList = 7976ECAA1B838F93005FC141 /* Build configuration list for PBXProject "MentalHealthDoctor" */;
			compatibilityVersion = "Xcode 3.2";
			developmentRegion = English;
			hasScannedForEncodings = 0;
			knownRegions = (
				en,
				Base,
			);
			mainGroup = 7976ECA61B838F93005FC141;
			productRefGroup = 7976ECB01B838F93005FC141 /* Products */;
			projectDirPath = "";
			projectRoot = "";
			targets = (
				7976ECAE1B838F93005FC141 /* MentalHealthDoctor */,
				7976ECC71B838F93005FC141 /* MentalHealthDoctorTests */,
			);
		};
/* End PBXProject section */

/* Begin PBXResourcesBuildPhase section */
		7976ECAD1B838F93005FC141 /* Resources */ = {
			isa = PBXResourcesBuildPhase;
			buildActionMask = 2147483647;
			files = (
				628822401BC658E000904B90 /* sb_nav_back@2x.png in Resources */,
				628822411BC658E000904B90 /* sb_nav_back_blue@2x.png in Resources */,
				7976ECC01B838F93005FC141 /* Images.xcassets in Resources */,
				626759B11BC78A2400E8A52C /* activityPoster.png in Resources */,
			);
			runOnlyForDeploymentPostprocessing = 0;
		};
		7976ECC61B838F93005FC141 /* Resources */ = {
			isa = PBXResourcesBuildPhase;
			buildActionMask = 2147483647;
			files = (
			);
			runOnlyForDeploymentPostprocessing = 0;
		};
/* End PBXResourcesBuildPhase section */

/* Begin PBXShellScriptBuildPhase section */
		778777016CAA74399F488BA5 /* Copy Pods Resources */ = {
			isa = PBXShellScriptBuildPhase;
			buildActionMask = 2147483647;
			files = (
			);
			inputPaths = (
			);
			name = "Copy Pods Resources";
			outputPaths = (
			);
			runOnlyForDeploymentPostprocessing = 0;
			shellPath = /bin/sh;
			shellScript = "\"${SRCROOT}/Pods/Target Support Files/Pods/Pods-resources.sh\"\n";
			showEnvVarsInLog = 0;
		};
		C1AAA8147B9C348DA8F3AD7E /* Check Pods Manifest.lock */ = {
			isa = PBXShellScriptBuildPhase;
			buildActionMask = 2147483647;
			files = (
			);
			inputPaths = (
			);
			name = "Check Pods Manifest.lock";
			outputPaths = (
			);
			runOnlyForDeploymentPostprocessing = 0;
			shellPath = /bin/sh;
			shellScript = "diff \"${PODS_ROOT}/../Podfile.lock\" \"${PODS_ROOT}/Manifest.lock\" > /dev/null\nif [[ $? != 0 ]] ; then\n    cat << EOM\nerror: The sandbox is not in sync with the Podfile.lock. Run 'pod install' or update your CocoaPods installation.\nEOM\n    exit 1\nfi\n";
			showEnvVarsInLog = 0;
		};
/* End PBXShellScriptBuildPhase section */

/* Begin PBXSourcesBuildPhase section */
		7976ECAB1B838F93005FC141 /* Sources */ = {
			isa = PBXSourcesBuildPhase;
			buildActionMask = 2147483647;
			files = (
				628822301BC6538100904B90 /* MHDTestController.m in Sources */,
				6288224A1BC65F3200904B90 /* MHDActivityDetailController.m in Sources */,
				6288224B1BC65F3200904B90 /* MHDActivityController.m in Sources */,
				7976ECBB1B838F93005FC141 /* MHDTransitionController.m in Sources */,
				A92A71341BC12743000034E9 /* MHDTabbarView.m in Sources */,
				628822861BC664AD00904B90 /* MHDActivityTableCell.m in Sources */,
				628822361BC653AD00904B90 /* MHDFindDocController.m in Sources */,
				628822221BC63C5900904B90 /* MHDBasicController.m in Sources */,
				628822331BC6538D00904B90 /* MHDFindController.m in Sources */,
				628822391BC653C500904B90 /* MHDMineController.m in Sources */,
				628822831BC6643A00904B90 /* MHDActivityView.m in Sources */,
				7976ECB81B838F93005FC141 /* AppDelegate.m in Sources */,
				7976ECB51B838F93005FC141 /* main.m in Sources */,
			);
			runOnlyForDeploymentPostprocessing = 0;
		};
		7976ECC41B838F93005FC141 /* Sources */ = {
			isa = PBXSourcesBuildPhase;
			buildActionMask = 2147483647;
			files = (
				7976ECCF1B838F93005FC141 /* MentalHealthDoctorTests.m in Sources */,
			);
			runOnlyForDeploymentPostprocessing = 0;
		};
/* End PBXSourcesBuildPhase section */

/* Begin PBXTargetDependency section */
		7976ECCA1B838F93005FC141 /* PBXTargetDependency */ = {
			isa = PBXTargetDependency;
			target = 7976ECAE1B838F93005FC141 /* MentalHealthDoctor */;
			targetProxy = 7976ECC91B838F93005FC141 /* PBXContainerItemProxy */;
		};
/* End PBXTargetDependency section */

/* Begin XCBuildConfiguration section */
		7976ECD01B838F93005FC141 /* Debug */ = {
			isa = XCBuildConfiguration;
			buildSettings = {
				ALWAYS_SEARCH_USER_PATHS = NO;
				CLANG_CXX_LANGUAGE_STANDARD = "gnu++0x";
				CLANG_CXX_LIBRARY = "libc++";
				CLANG_ENABLE_MODULES = YES;
				CLANG_ENABLE_OBJC_ARC = YES;
				CLANG_WARN_BOOL_CONVERSION = YES;
				CLANG_WARN_CONSTANT_CONVERSION = YES;
				CLANG_WARN_DIRECT_OBJC_ISA_USAGE = YES_ERROR;
				CLANG_WARN_EMPTY_BODY = YES;
				CLANG_WARN_ENUM_CONVERSION = YES;
				CLANG_WARN_INT_CONVERSION = YES;
				CLANG_WARN_OBJC_ROOT_CLASS = YES_ERROR;
				CLANG_WARN_UNREACHABLE_CODE = YES;
				CLANG_WARN__DUPLICATE_METHOD_MATCH = YES;
				"CODE_SIGN_IDENTITY[sdk=iphoneos*]" = "iPhone Developer";
				COPY_PHASE_STRIP = NO;
				ENABLE_STRICT_OBJC_MSGSEND = YES;
				GCC_C_LANGUAGE_STANDARD = gnu99;
				GCC_DYNAMIC_NO_PIC = NO;
				GCC_OPTIMIZATION_LEVEL = 0;
				GCC_PREPROCESSOR_DEFINITIONS = (
					"DEBUG=1",
					"$(inherited)",
				);
				GCC_SYMBOLS_PRIVATE_EXTERN = NO;
				GCC_WARN_64_TO_32_BIT_CONVERSION = YES;
				GCC_WARN_ABOUT_RETURN_TYPE = YES_ERROR;
				GCC_WARN_UNDECLARED_SELECTOR = YES;
				GCC_WARN_UNINITIALIZED_AUTOS = YES_AGGRESSIVE;
				GCC_WARN_UNUSED_FUNCTION = YES;
				GCC_WARN_UNUSED_VARIABLE = YES;
				IPHONEOS_DEPLOYMENT_TARGET = 8.1;
				MTL_ENABLE_DEBUG_INFO = YES;
				ONLY_ACTIVE_ARCH = YES;
				SDKROOT = iphoneos;
			};
			name = Debug;
		};
		7976ECD11B838F93005FC141 /* Release */ = {
			isa = XCBuildConfiguration;
			buildSettings = {
				ALWAYS_SEARCH_USER_PATHS = NO;
				CLANG_CXX_LANGUAGE_STANDARD = "gnu++0x";
				CLANG_CXX_LIBRARY = "libc++";
				CLANG_ENABLE_MODULES = YES;
				CLANG_ENABLE_OBJC_ARC = YES;
				CLANG_WARN_BOOL_CONVERSION = YES;
				CLANG_WARN_CONSTANT_CONVERSION = YES;
				CLANG_WARN_DIRECT_OBJC_ISA_USAGE = YES_ERROR;
				CLANG_WARN_EMPTY_BODY = YES;
				CLANG_WARN_ENUM_CONVERSION = YES;
				CLANG_WARN_INT_CONVERSION = YES;
				CLANG_WARN_OBJC_ROOT_CLASS = YES_ERROR;
				CLANG_WARN_UNREACHABLE_CODE = YES;
				CLANG_WARN__DUPLICATE_METHOD_MATCH = YES;
				"CODE_SIGN_IDENTITY[sdk=iphoneos*]" = "iPhone Developer";
				COPY_PHASE_STRIP = YES;
				ENABLE_NS_ASSERTIONS = NO;
				ENABLE_STRICT_OBJC_MSGSEND = YES;
				GCC_C_LANGUAGE_STANDARD = gnu99;
				GCC_WARN_64_TO_32_BIT_CONVERSION = YES;
				GCC_WARN_ABOUT_RETURN_TYPE = YES_ERROR;
				GCC_WARN_UNDECLARED_SELECTOR = YES;
				GCC_WARN_UNINITIALIZED_AUTOS = YES_AGGRESSIVE;
				GCC_WARN_UNUSED_FUNCTION = YES;
				GCC_WARN_UNUSED_VARIABLE = YES;
				IPHONEOS_DEPLOYMENT_TARGET = 8.1;
				MTL_ENABLE_DEBUG_INFO = NO;
				SDKROOT = iphoneos;
				VALIDATE_PRODUCT = YES;
			};
			name = Release;
		};
		7976ECD31B838F93005FC141 /* Debug */ = {
			isa = XCBuildConfiguration;
			baseConfigurationReference = F71423E4D83B1C296707E4A1 /* Pods.debug.xcconfig */;
			buildSettings = {
				ASSETCATALOG_COMPILER_APPICON_NAME = AppIcon;
				FRAMEWORK_SEARCH_PATHS = (
					"$(inherited)",
					"$(PROJECT_DIR)/Common/Common/buildProducts",
					"$(PROJECT_DIR)",
				);
				GCC_PRECOMPILE_PREFIX_HEADER = YES;
				GCC_PREFIX_HEADER = "MentalHealthDoctor/MHDModule-Prefix.pch";
				INFOPLIST_FILE = MentalHealthDoctor/Info.plist;
				LD_RUNPATH_SEARCH_PATHS = "$(inherited) @executable_path/Frameworks";
				PRODUCT_NAME = "$(TARGET_NAME)";
			};
			name = Debug;
		};
		7976ECD41B838F93005FC141 /* Release */ = {
			isa = XCBuildConfiguration;
			baseConfigurationReference = 9CF58537E1DE650E4A0C1B05 /* Pods.release.xcconfig */;
			buildSettings = {
				ASSETCATALOG_COMPILER_APPICON_NAME = AppIcon;
				FRAMEWORK_SEARCH_PATHS = (
					"$(inherited)",
					"$(PROJECT_DIR)/Common/Common/buildProducts",
					"$(PROJECT_DIR)",
				);
				GCC_PRECOMPILE_PREFIX_HEADER = YES;
				GCC_PREFIX_HEADER = "MentalHealthDoctor/MHDModule-Prefix.pch";
				INFOPLIST_FILE = MentalHealthDoctor/Info.plist;
				LD_RUNPATH_SEARCH_PATHS = "$(inherited) @executable_path/Frameworks";
				PRODUCT_NAME = "$(TARGET_NAME)";
			};
			name = Release;
		};
		7976ECD61B838F93005FC141 /* Debug */ = {
			isa = XCBuildConfiguration;
			buildSettings = {
				BUNDLE_LOADER = "$(TEST_HOST)";
				FRAMEWORK_SEARCH_PATHS = (
					"$(SDKROOT)/Developer/Library/Frameworks",
					"$(inherited)",
				);
				GCC_PREPROCESSOR_DEFINITIONS = (
					"DEBUG=1",
					"$(inherited)",
				);
				INFOPLIST_FILE = MentalHealthDoctorTests/Info.plist;
				LD_RUNPATH_SEARCH_PATHS = "$(inherited) @executable_path/Frameworks @loader_path/Frameworks";
				PRODUCT_NAME = "$(TARGET_NAME)";
				TEST_HOST = "$(BUILT_PRODUCTS_DIR)/MentalHealthDoctor.app/MentalHealthDoctor";
			};
			name = Debug;
		};
		7976ECD71B838F93005FC141 /* Release */ = {
			isa = XCBuildConfiguration;
			buildSettings = {
				BUNDLE_LOADER = "$(TEST_HOST)";
				FRAMEWORK_SEARCH_PATHS = (
					"$(SDKROOT)/Developer/Library/Frameworks",
					"$(inherited)",
				);
				INFOPLIST_FILE = MentalHealthDoctorTests/Info.plist;
				LD_RUNPATH_SEARCH_PATHS = "$(inherited) @executable_path/Frameworks @loader_path/Frameworks";
				PRODUCT_NAME = "$(TARGET_NAME)";
				TEST_HOST = "$(BUILT_PRODUCTS_DIR)/MentalHealthDoctor.app/MentalHealthDoctor";
			};
			name = Release;
		};
/* End XCBuildConfiguration section */

/* Begin XCConfigurationList section */
		7976ECAA1B838F93005FC141 /* Build configuration list for PBXProject "MentalHealthDoctor" */ = {
			isa = XCConfigurationList;
			buildConfigurations = (
				7976ECD01B838F93005FC141 /* Debug */,
				7976ECD11B838F93005FC141 /* Release */,
			);
			defaultConfigurationIsVisible = 0;
			defaultConfigurationName = Release;
		};
		7976ECD21B838F93005FC141 /* Build configuration list for PBXNativeTarget "MentalHealthDoctor" */ = {
			isa = XCConfigurationList;
			buildConfigurations = (
				7976ECD31B838F93005FC141 /* Debug */,
				7976ECD41B838F93005FC141 /* Release */,
			);
			defaultConfigurationIsVisible = 0;
			defaultConfigurationName = Release;
		};
		7976ECD51B838F93005FC141 /* Build configuration list for PBXNativeTarget "MentalHealthDoctorTests" */ = {
			isa = XCConfigurationList;
			buildConfigurations = (
				7976ECD61B838F93005FC141 /* Debug */,
				7976ECD71B838F93005FC141 /* Release */,
			);
			defaultConfigurationIsVisible = 0;
			defaultConfigurationName = Release;
		};
/* End XCConfigurationList section */
	};
	rootObject = 7976ECA71B838F93005FC141 /* Project object */;
}
